# This file was autogenerated by Stack.
# You should not edit this file by hand.
# For more information, please see the documentation at:
#   https://docs.haskellstack.org/en/stable/lock_files

packages:
- completed:
    hackage: QuickCheck-2.14@sha256:a1bac79e48b36d5bccd771e981058c44707f440156a0a411ebdcfec8cfccfda9,6982
    pantry-tree:
      size: 2203
      sha256: 1c8b0f1ff061117c78ddb69cbed242faf313a427c03e5c84233aa33e7e58a5cb
  original:
    hackage: QuickCheck-2.14@sha256:a1bac79e48b36d5bccd771e981058c44707f440156a0a411ebdcfec8cfccfda9,6982
- completed:
    hackage: splitmix-0.0.4@sha256:fb9bb8b54a2e76c8a021fe5c4c3798047e1f60e168379a1f80693047fe00ad0e,4813
    pantry-tree:
      size: 872
      sha256: e58892088b95190bfb59a7c0803f7ef65338e57fc9b938d7c166563605003902
  original:
    hackage: splitmix-0.0.4@sha256:fb9bb8b54a2e76c8a021fe5c4c3798047e1f60e168379a1f80693047fe00ad0e,4813
snapshots:
- completed:
    size: 428787
    url: https://raw.githubusercontent.com/commercialhaskell/stackage-snapshots/master/lts/6/35.yaml
    sha256: f2ce58e96ad78750c355afc8fcd0bfbd06c8e1381050c59bc5c934577ebef872
  original: lts-6.35
