# This file was autogenerated by Stack.
# You should not edit this file by hand.
# For more information, please see the documentation at:
#   https://docs.haskellstack.org/en/stable/lock_files

packages:
- completed:
    hackage: memoize-0.8.1@sha256:2146197c639c126796d850cb4457b24cfeb6966d6d878825f855aafce31f8874,1601
    pantry-tree:
      size: 473
      sha256: 598188857937054d2cc4ac91aee580944d750e91120756507891d09e02056066
  original:
    hackage: memoize-0.8.1@sha256:2146197c639c126796d850cb4457b24cfeb6966d6d878825f855aafce31f8874,1601
snapshots:
- completed:
    size: 527836
    url: https://raw.githubusercontent.com/commercialhaskell/stackage-snapshots/master/lts/11/22.yaml
    sha256: 341870ac98d8a9f8f77c4adf2e9e0b22063e264a7fbeb4c85b7af5f380dac60e
  original: lts-11.22
